
Microsoft Visual Studio Solution File, Format Version 12.00
# Visual Studio Version 17
VisualStudioVersion = 17.5.33502.453
MinimumVisualStudioVersion = 10.0.40219.1
Project("{8BC9CEB8-8B4A-11D0-8D11-00A0C91BC942}") = "Project1", "Project1.vcxproj", "{84841E0B-F532-47CD-987F-4DD85DBB641A}"
EndProject
Global
	GlobalSection(SolutionConfigurationPlatforms) = preSolution
		Debug|x64 = Debug|x64
		Debug|x86 = Debug|x86
		Release|x64 = Release|x64
		Release|x86 = Release|x86
	EndGlobalSection
	GlobalSection(ProjectConfigurationPlatforms) = postSolution
		{84841E0B-F532-47CD-987F-4DD85DBB641A}.Debug|x64.ActiveCfg = Debug|x64
		{84841E0B-F532-47CD-987F-4DD85DBB641A}.Debug|x64.Build.0 = Debug|x64
		{84841E0B-F532-47CD-987F-4DD85DBB641A}.Debug|x86.ActiveCfg = Debug|Win32
		{84841E0B-F532-47CD-987F-4DD85DBB641A}.Debug|x86.Build.0 = Debug|Win32
		{84841E0B-F532-47CD-987F-4DD85DBB641A}.Release|x64.ActiveCfg = Release|x64
		{84841E0B-F532-47CD-987F-4DD85DBB641A}.Release|x64.Build.0 = Release|x64
		{84841E0B-F532-47CD-987F-4DD85DBB641A}.Release|x86.ActiveCfg = Release|Win32
		{84841E0B-F532-47CD-987F-4DD85DBB641A}.Release|x86.Build.0 = Release|Win32
	EndGlobalSection
	GlobalSection(SolutionProperties) = preSolution
		HideSolutionNode = FALSE
	EndGlobalSection
	GlobalSection(ExtensibilityGlobals) = postSolution
		SolutionGuid = {6FD9C033-132F-4250-B616-9576E3B61DB8}
	EndGlobalSection
EndGlobal
